
Microsoft Visual Studio Solution File, Format Version 12.00
# Visual Studio Version 16
VisualStudioVersion = 16.0.30611.23
MinimumVisualStudioVersion = 10.0.40219.1
Project("{FAE04EC0-301F-11D3-BF4B-00C04F79EFBC}") = "ImageGallery2", "ImageGallery2\ImageGallery2.csproj", "{D6DFC484-C85C-4B92-8BB7-4BE7725338FB}"
EndProject
Global
	GlobalSection(SolutionConfigurationPlatforms) = preSolution
		Debug|Any CPU = Debug|Any CPU
		Release|Any CPU = Release|Any CPU
	EndGlobalSection
	GlobalSection(ProjectConfigurationPlatforms) = postSolution
		{D6DFC484-C85C-4B92-8BB7-4BE7725338FB}.Debug|Any CPU.ActiveCfg = Debug|Any CPU
		{D6DFC484-C85C-4B92-8BB7-4BE7725338FB}.Debug|Any CPU.Build.0 = Debug|Any CPU
		{D6DFC484-C85C-4B92-8BB7-4BE7725338FB}.Release|Any CPU.ActiveCfg = Release|Any CPU
		{D6DFC484-C85C-4B92-8BB7-4BE7725338FB}.Release|Any CPU.Build.0 = Release|Any CPU
	EndGlobalSection
	GlobalSection(SolutionProperties) = preSolution
		HideSolutionNode = FALSE
	EndGlobalSection
	GlobalSection(ExtensibilityGlobals) = postSolution
		SolutionGuid = {C86FC2BA-0ED4-469F-A91C-DFD4C2EA76E4}
	EndGlobalSection
EndGlobal
